
Microsoft Visual Studio Solution File, Format Version 12.00
# Visual Studio Version 16
VisualStudioVersion = 16.0.30320.27
MinimumVisualStudioVersion = 10.0.40219.1
Project("{FAE04EC0-301F-11D3-BF4B-00C04F79EFBC}") = "TC", "TC\TC.csproj", "{D3AB9791-198A-42EE-B32A-F1FD47D4BE69}"
EndProject
Global
	GlobalSection(SolutionConfigurationPlatforms) = preSolution
		Debug|Any CPU = Debug|Any CPU
		Release|Any CPU = Release|Any CPU
	EndGlobalSection
	GlobalSection(ProjectConfigurationPlatforms) = postSolution
		{D3AB9791-198A-42EE-B32A-F1FD47D4BE69}.Debug|Any CPU.ActiveCfg = Debug|Any CPU
		{D3AB9791-198A-42EE-B32A-F1FD47D4BE69}.Debug|Any CPU.Build.0 = Debug|Any CPU
		{D3AB9791-198A-42EE-B32A-F1FD47D4BE69}.Release|Any CPU.ActiveCfg = Release|Any CPU
		{D3AB9791-198A-42EE-B32A-F1FD47D4BE69}.Release|Any CPU.Build.0 = Release|Any CPU
	EndGlobalSection
	GlobalSection(SolutionProperties) = preSolution
		HideSolutionNode = FALSE
	EndGlobalSection
	GlobalSection(ExtensibilityGlobals) = postSolution
		SolutionGuid = {0CBAC98B-ABCB-4742-8E0D-FD0B51637D4C}
	EndGlobalSection
EndGlobal
